
Microsoft Visual Studio Solution File, Format Version 10.00
# Visual Studio 2008
Project("{FAE04EC0-301F-11D3-BF4B-00C04F79EFBC}") = "MWW.Project.MWWTools.MSAgentExtends", "MWW.Project.MWWTools.MSAgentExtends.csproj", "{22035ED1-DA2E-4620-8F39-6BE7765C8063}"
EndProject
Project("{FAE04EC0-301F-11D3-BF4B-00C04F79EFBC}") = "MWW.Project.MWWTools", "..\MWW.Project.MWWTools\MWW.Project.MWWTools.csproj", "{B2557E28-B2B4-4A36-BF32-AE709ED59A49}"
EndProject
Global
	GlobalSection(SolutionConfigurationPlatforms) = preSolution
		Debug|Any CPU = Debug|Any CPU
		Release|Any CPU = Release|Any CPU
	EndGlobalSection
	GlobalSection(ProjectConfigurationPlatforms) = postSolution
		{22035ED1-DA2E-4620-8F39-6BE7765C8063}.Debug|Any CPU.ActiveCfg = Debug|Any CPU
		{22035ED1-DA2E-4620-8F39-6BE7765C8063}.Debug|Any CPU.Build.0 = Debug|Any CPU
		{22035ED1-DA2E-4620-8F39-6BE7765C8063}.Release|Any CPU.ActiveCfg = Release|Any CPU
		{22035ED1-DA2E-4620-8F39-6BE7765C8063}.Release|Any CPU.Build.0 = Release|Any CPU
		{B2557E28-B2B4-4A36-BF32-AE709ED59A49}.Debug|Any CPU.ActiveCfg = Debug|Any CPU
		{B2557E28-B2B4-4A36-BF32-AE709ED59A49}.Debug|Any CPU.Build.0 = Debug|Any CPU
		{B2557E28-B2B4-4A36-BF32-AE709ED59A49}.Release|Any CPU.ActiveCfg = Release|Any CPU
		{B2557E28-B2B4-4A36-BF32-AE709ED59A49}.Release|Any CPU.Build.0 = Release|Any CPU
	EndGlobalSection
	GlobalSection(SolutionProperties) = preSolution
		HideSolutionNode = FALSE
	EndGlobalSection
EndGlobal
